{
  "name": "@pplancq/svg-tools",
  "version": "0.0.0",
  "lockfileVersion": 3,
  "requires": true,
  "packages": {
    "": {
      "name": "@pplancq/svg-tools",
      "version": "0.0.0",
      "license": "MIT",
      "workspaces": [
        "packages/*"
      ]
    },
    "node_modules/@pplancq/svg-core": {
      "resolved": "packages/svg-core",
      "link": true
    },
    "node_modules/@pplancq/svg-react": {
      "resolved": "packages/svg-react",
      "link": true
    },
    "packages/svg-core": {
      "name": "@pplancq/svg-core",
      "version": "0.0.0",
      "license": "MIT"
    },
    "packages/svg-react": {
      "name": "@pplancq/svg-react",
      "version": "0.0.0",
      "license": "MIT"
    }
  }
}
